
Microsoft Visual Studio Solution File, Format Version 12.00
# Visual Studio Version 16
VisualStudioVersion = 16.0.30225.117
MinimumVisualStudioVersion = 10.0.40219.1
Project("{8BC9CEB8-8B4A-11D0-8D11-00A0C91BC942}") = "JsonParser", "JsonParser\JsonParser.vcxproj", "{E35CF102-2ADE-462A-A9F0-BC6B933C2A28}"
EndProject
Project("{8BC9CEB8-8B4A-11D0-8D11-00A0C91BC942}") = "JsonParserLinux", "JsonParserLinux\JsonParserLinux.vcxproj", "{F0197968-A298-4EC2-8898-B60BCD783208}"
EndProject
Global
	GlobalSection(SolutionConfigurationPlatforms) = preSolution
		Debug|ARM = Debug|ARM
		Debug|ARM64 = Debug|ARM64
		Debug|x64 = Debug|x64
		Debug|x86 = Debug|x86
		Release - DLL|ARM = Release - DLL|ARM
		Release - DLL|ARM64 = Release - DLL|ARM64
		Release - DLL|x64 = Release - DLL|x64
		Release - DLL|x86 = Release - DLL|x86
		Release - Lib|ARM = Release - Lib|ARM
		Release - Lib|ARM64 = Release - Lib|ARM64
		Release - Lib|x64 = Release - Lib|x64
		Release - Lib|x86 = Release - Lib|x86
		ReleaseLinux - Dynamic|ARM = ReleaseLinux - Dynamic|ARM
		ReleaseLinux - Dynamic|ARM64 = ReleaseLinux - Dynamic|ARM64
		ReleaseLinux - Dynamic|x64 = ReleaseLinux - Dynamic|x64
		ReleaseLinux - Dynamic|x86 = ReleaseLinux - Dynamic|x86
		ReleaseLinux - Static|ARM = ReleaseLinux - Static|ARM
		ReleaseLinux - Static|ARM64 = ReleaseLinux - Static|ARM64
		ReleaseLinux - Static|x64 = ReleaseLinux - Static|x64
		ReleaseLinux - Static|x86 = ReleaseLinux - Static|x86
	EndGlobalSection
	GlobalSection(ProjectConfigurationPlatforms) = postSolution
		{E35CF102-2ADE-462A-A9F0-BC6B933C2A28}.Debug|ARM.ActiveCfg = Debug|Win32
		{E35CF102-2ADE-462A-A9F0-BC6B933C2A28}.Debug|ARM64.ActiveCfg = Debug|Win32
		{E35CF102-2ADE-462A-A9F0-BC6B933C2A28}.Debug|x64.ActiveCfg = Debug|x64
		{E35CF102-2ADE-462A-A9F0-BC6B933C2A28}.Debug|x64.Build.0 = Debug|x64
		{E35CF102-2ADE-462A-A9F0-BC6B933C2A28}.Debug|x86.ActiveCfg = Debug|Win32
		{E35CF102-2ADE-462A-A9F0-BC6B933C2A28}.Debug|x86.Build.0 = Debug|Win32
		{E35CF102-2ADE-462A-A9F0-BC6B933C2A28}.Release - DLL|ARM.ActiveCfg = Release - DLL|Win32
		{E35CF102-2ADE-462A-A9F0-BC6B933C2A28}.Release - DLL|ARM64.ActiveCfg = Release - DLL|Win32
		{E35CF102-2ADE-462A-A9F0-BC6B933C2A28}.Release - DLL|x64.ActiveCfg = Release - DLL|x64
		{E35CF102-2ADE-462A-A9F0-BC6B933C2A28}.Release - DLL|x64.Build.0 = Release - DLL|x64
		{E35CF102-2ADE-462A-A9F0-BC6B933C2A28}.Release - DLL|x86.ActiveCfg = Release - DLL|Win32
		{E35CF102-2ADE-462A-A9F0-BC6B933C2A28}.Release - DLL|x86.Build.0 = Release - DLL|Win32
		{E35CF102-2ADE-462A-A9F0-BC6B933C2A28}.Release - Lib|ARM.ActiveCfg = Release - Lib|Win32
		{E35CF102-2ADE-462A-A9F0-BC6B933C2A28}.Release - Lib|ARM64.ActiveCfg = Release - Lib|Win32
		{E35CF102-2ADE-462A-A9F0-BC6B933C2A28}.Release - Lib|x64.ActiveCfg = Release - Lib|x64
		{E35CF102-2ADE-462A-A9F0-BC6B933C2A28}.Release - Lib|x64.Build.0 = Release - Lib|x64
		{E35CF102-2ADE-462A-A9F0-BC6B933C2A28}.Release - Lib|x86.ActiveCfg = Release - Lib|Win32
		{E35CF102-2ADE-462A-A9F0-BC6B933C2A28}.Release - Lib|x86.Build.0 = Release - Lib|Win32
		{E35CF102-2ADE-462A-A9F0-BC6B933C2A28}.ReleaseLinux - Dynamic|ARM.ActiveCfg = Linux|Win32
		{E35CF102-2ADE-462A-A9F0-BC6B933C2A28}.ReleaseLinux - Dynamic|ARM.Build.0 = Linux|Win32
		{E35CF102-2ADE-462A-A9F0-BC6B933C2A28}.ReleaseLinux - Dynamic|ARM64.ActiveCfg = Linux|Win32
		{E35CF102-2ADE-462A-A9F0-BC6B933C2A28}.ReleaseLinux - Dynamic|ARM64.Build.0 = Linux|Win32
		{E35CF102-2ADE-462A-A9F0-BC6B933C2A28}.ReleaseLinux - Dynamic|x64.ActiveCfg = Release - Lib|x64
		{E35CF102-2ADE-462A-A9F0-BC6B933C2A28}.ReleaseLinux - Dynamic|x64.Build.0 = Release - Lib|x64
		{E35CF102-2ADE-462A-A9F0-BC6B933C2A28}.ReleaseLinux - Dynamic|x86.ActiveCfg = Release - Lib|Win32
		{E35CF102-2ADE-462A-A9F0-BC6B933C2A28}.ReleaseLinux - Dynamic|x86.Build.0 = Release - Lib|Win32
		{E35CF102-2ADE-462A-A9F0-BC6B933C2A28}.ReleaseLinux - Static|ARM.ActiveCfg = Linux|Win32
		{E35CF102-2ADE-462A-A9F0-BC6B933C2A28}.ReleaseLinux - Static|ARM.Build.0 = Linux|Win32
		{E35CF102-2ADE-462A-A9F0-BC6B933C2A28}.ReleaseLinux - Static|ARM64.ActiveCfg = Linux|Win32
		{E35CF102-2ADE-462A-A9F0-BC6B933C2A28}.ReleaseLinux - Static|ARM64.Build.0 = Linux|Win32
		{E35CF102-2ADE-462A-A9F0-BC6B933C2A28}.ReleaseLinux - Static|x64.ActiveCfg = Release - Lib|x64
		{E35CF102-2ADE-462A-A9F0-BC6B933C2A28}.ReleaseLinux - Static|x64.Build.0 = Release - Lib|x64
		{E35CF102-2ADE-462A-A9F0-BC6B933C2A28}.ReleaseLinux - Static|x86.ActiveCfg = Release - Lib|Win32
		{E35CF102-2ADE-462A-A9F0-BC6B933C2A28}.ReleaseLinux - Static|x86.Build.0 = Release - Lib|Win32
		{F0197968-A298-4EC2-8898-B60BCD783208}.Debug|ARM.ActiveCfg = Debug|ARM
		{F0197968-A298-4EC2-8898-B60BCD783208}.Debug|ARM.Build.0 = Debug|ARM
		{F0197968-A298-4EC2-8898-B60BCD783208}.Debug|ARM.Deploy.0 = Debug|ARM
		{F0197968-A298-4EC2-8898-B60BCD783208}.Debug|ARM64.ActiveCfg = Debug|ARM64
		{F0197968-A298-4EC2-8898-B60BCD783208}.Debug|ARM64.Build.0 = Debug|ARM64
		{F0197968-A298-4EC2-8898-B60BCD783208}.Debug|ARM64.Deploy.0 = Debug|ARM64
		{F0197968-A298-4EC2-8898-B60BCD783208}.Debug|x64.ActiveCfg = Debug|x64
		{F0197968-A298-4EC2-8898-B60BCD783208}.Debug|x64.Build.0 = Debug|x64
		{F0197968-A298-4EC2-8898-B60BCD783208}.Debug|x64.Deploy.0 = Debug|x64
		{F0197968-A298-4EC2-8898-B60BCD783208}.Debug|x86.ActiveCfg = Debug|x86
		{F0197968-A298-4EC2-8898-B60BCD783208}.Debug|x86.Build.0 = Debug|x86
		{F0197968-A298-4EC2-8898-B60BCD783208}.Debug|x86.Deploy.0 = Debug|x86
		{F0197968-A298-4EC2-8898-B60BCD783208}.Release - DLL|ARM.ActiveCfg = ReleaseLinux - Static|ARM
		{F0197968-A298-4EC2-8898-B60BCD783208}.Release - DLL|ARM.Build.0 = ReleaseLinux - Static|ARM
		{F0197968-A298-4EC2-8898-B60BCD783208}.Release - DLL|ARM.Deploy.0 = ReleaseLinux - Static|ARM
		{F0197968-A298-4EC2-8898-B60BCD783208}.Release - DLL|ARM64.ActiveCfg = ReleaseLinux - Static|ARM64
		{F0197968-A298-4EC2-8898-B60BCD783208}.Release - DLL|ARM64.Build.0 = ReleaseLinux - Static|ARM64
		{F0197968-A298-4EC2-8898-B60BCD783208}.Release - DLL|ARM64.Deploy.0 = ReleaseLinux - Static|ARM64
		{F0197968-A298-4EC2-8898-B60BCD783208}.Release - DLL|x64.ActiveCfg = ReleaseLinux - Dynamic|x64
		{F0197968-A298-4EC2-8898-B60BCD783208}.Release - DLL|x64.Build.0 = ReleaseLinux - Dynamic|x64
		{F0197968-A298-4EC2-8898-B60BCD783208}.Release - DLL|x64.Deploy.0 = ReleaseLinux - Dynamic|x64
		{F0197968-A298-4EC2-8898-B60BCD783208}.Release - DLL|x86.ActiveCfg = ReleaseLinux - Dynamic|x86
		{F0197968-A298-4EC2-8898-B60BCD783208}.Release - DLL|x86.Build.0 = ReleaseLinux - Dynamic|x86
		{F0197968-A298-4EC2-8898-B60BCD783208}.Release - DLL|x86.Deploy.0 = ReleaseLinux - Dynamic|x86
		{F0197968-A298-4EC2-8898-B60BCD783208}.Release - Lib|ARM.ActiveCfg = ReleaseLinux - Static|ARM
		{F0197968-A298-4EC2-8898-B60BCD783208}.Release - Lib|ARM.Build.0 = ReleaseLinux - Static|ARM
		{F0197968-A298-4EC2-8898-B60BCD783208}.Release - Lib|ARM.Deploy.0 = ReleaseLinux - Static|ARM
		{F0197968-A298-4EC2-8898-B60BCD783208}.Release - Lib|ARM64.ActiveCfg = ReleaseLinux - Static|ARM64
		{F0197968-A298-4EC2-8898-B60BCD783208}.Release - Lib|ARM64.Build.0 = ReleaseLinux - Static|ARM64
		{F0197968-A298-4EC2-8898-B60BCD783208}.Release - Lib|ARM64.Deploy.0 = ReleaseLinux - Static|ARM64
		{F0197968-A298-4EC2-8898-B60BCD783208}.Release - Lib|x64.ActiveCfg = ReleaseLinux - Static|x64
		{F0197968-A298-4EC2-8898-B60BCD783208}.Release - Lib|x64.Build.0 = ReleaseLinux - Static|x64
		{F0197968-A298-4EC2-8898-B60BCD783208}.Release - Lib|x64.Deploy.0 = ReleaseLinux - Static|x64
		{F0197968-A298-4EC2-8898-B60BCD783208}.Release - Lib|x86.ActiveCfg = ReleaseLinux - Static|x86
		{F0197968-A298-4EC2-8898-B60BCD783208}.Release - Lib|x86.Build.0 = ReleaseLinux - Static|x86
		{F0197968-A298-4EC2-8898-B60BCD783208}.Release - Lib|x86.Deploy.0 = ReleaseLinux - Static|x86
		{F0197968-A298-4EC2-8898-B60BCD783208}.ReleaseLinux - Dynamic|ARM.ActiveCfg = ReleaseLinux - Dynamic|ARM
		{F0197968-A298-4EC2-8898-B60BCD783208}.ReleaseLinux - Dynamic|ARM.Build.0 = ReleaseLinux - Dynamic|ARM
		{F0197968-A298-4EC2-8898-B60BCD783208}.ReleaseLinux - Dynamic|ARM.Deploy.0 = ReleaseLinux - Dynamic|ARM
		{F0197968-A298-4EC2-8898-B60BCD783208}.ReleaseLinux - Dynamic|ARM64.ActiveCfg = ReleaseLinux - Dynamic|ARM64
		{F0197968-A298-4EC2-8898-B60BCD783208}.ReleaseLinux - Dynamic|ARM64.Build.0 = ReleaseLinux - Dynamic|ARM64
		{F0197968-A298-4EC2-8898-B60BCD783208}.ReleaseLinux - Dynamic|ARM64.Deploy.0 = ReleaseLinux - Dynamic|ARM64
		{F0197968-A298-4EC2-8898-B60BCD783208}.ReleaseLinux - Dynamic|x64.ActiveCfg = ReleaseLinux - Dynamic|x64
		{F0197968-A298-4EC2-8898-B60BCD783208}.ReleaseLinux - Dynamic|x64.Build.0 = ReleaseLinux - Dynamic|x64
		{F0197968-A298-4EC2-8898-B60BCD783208}.ReleaseLinux - Dynamic|x64.Deploy.0 = ReleaseLinux - Dynamic|x64
		{F0197968-A298-4EC2-8898-B60BCD783208}.ReleaseLinux - Dynamic|x86.ActiveCfg = ReleaseLinux - Dynamic|x86
		{F0197968-A298-4EC2-8898-B60BCD783208}.ReleaseLinux - Dynamic|x86.Build.0 = ReleaseLinux - Dynamic|x86
		{F0197968-A298-4EC2-8898-B60BCD783208}.ReleaseLinux - Dynamic|x86.Deploy.0 = ReleaseLinux - Dynamic|x86
		{F0197968-A298-4EC2-8898-B60BCD783208}.ReleaseLinux - Static|ARM.ActiveCfg = ReleaseLinux - Static|ARM
		{F0197968-A298-4EC2-8898-B60BCD783208}.ReleaseLinux - Static|ARM.Build.0 = ReleaseLinux - Static|ARM
		{F0197968-A298-4EC2-8898-B60BCD783208}.ReleaseLinux - Static|ARM.Deploy.0 = ReleaseLinux - Static|ARM
		{F0197968-A298-4EC2-8898-B60BCD783208}.ReleaseLinux - Static|ARM64.ActiveCfg = ReleaseLinux - Static|ARM64
		{F0197968-A298-4EC2-8898-B60BCD783208}.ReleaseLinux - Static|ARM64.Build.0 = ReleaseLinux - Static|ARM64
		{F0197968-A298-4EC2-8898-B60BCD783208}.ReleaseLinux - Static|ARM64.Deploy.0 = ReleaseLinux - Static|ARM64
		{F0197968-A298-4EC2-8898-B60BCD783208}.ReleaseLinux - Static|x64.ActiveCfg = ReleaseLinux - Static|x64
		{F0197968-A298-4EC2-8898-B60BCD783208}.ReleaseLinux - Static|x64.Build.0 = ReleaseLinux - Static|x64
		{F0197968-A298-4EC2-8898-B60BCD783208}.ReleaseLinux - Static|x64.Deploy.0 = ReleaseLinux - Static|x64
		{F0197968-A298-4EC2-8898-B60BCD783208}.ReleaseLinux - Static|x86.ActiveCfg = ReleaseLinux - Static|x86
		{F0197968-A298-4EC2-8898-B60BCD783208}.ReleaseLinux - Static|x86.Build.0 = ReleaseLinux - Static|x86
		{F0197968-A298-4EC2-8898-B60BCD783208}.ReleaseLinux - Static|x86.Deploy.0 = ReleaseLinux - Static|x86
	EndGlobalSection
	GlobalSection(SolutionProperties) = preSolution
		HideSolutionNode = FALSE
	EndGlobalSection
	GlobalSection(ExtensibilityGlobals) = postSolution
		SolutionGuid = {09B975D2-FF63-4E56-BF1E-A528B8D0F582}
	EndGlobalSection
EndGlobal
